// !$*UTF8*$!
{
	archiveVersion = 1;
	classes = {
	};
	objectVersion = 50;
	objects = {

/* Begin PBXBuildFile section */
		E9210BE52513C46B002532A7 /* AppDelegate.swift in Sources */ = {isa = PBXBuildFile; fileRef = E9210BE42513C46B002532A7 /* AppDelegate.swift */; };
		E9210BE72513C46B002532A7 /* SceneDelegate.swift in Sources */ = {isa = PBXBuildFile; fileRef = E9210BE62513C46B002532A7 /* SceneDelegate.swift */; };
		E9210BE92513C46B002532A7 /* ViewController.swift in Sources */ = {isa = PBXBuildFile; fileRef = E9210BE82513C46B002532A7 /* ViewController.swift */; };
		E9210BEC2513C46B002532A7 /* Main.storyboard in Resources */ = {isa = PBXBuildFile; fileRef = E9210BEA2513C46B002532A7 /* Main.storyboard */; };
		E9210BEF2513C46B002532A7 /* Multithreading_2.xcdatamodeld in Sources */ = {isa = PBXBuildFile; fileRef = E9210BED2513C46B002532A7 /* Multithreading_2.xcdatamodeld */; };
		E9210BF12513C46F002532A7 /* Assets.xcassets in Resources */ = {isa = PBXBuildFile; fileRef = E9210BF02513C46F002532A7 /* Assets.xcassets */; };
		E9210BF42513C46F002532A7 /* LaunchScreen.storyboard in Resources */ = {isa = PBXBuildFile; fileRef = E9210BF22513C46F002532A7 /* LaunchScreen.storyboard */; };
		E9210BFC2513CABA002532A7 /* Document.swift in Sources */ = {isa = PBXBuildFile; fileRef = E9210BFB2513CABA002532A7 /* Document.swift */; };
		E9210BFE2513CAE5002532A7 /* DocumentStore.swift in Sources */ = {isa = PBXBuildFile; fileRef = E9210BFD2513CAE5002532A7 /* DocumentStore.swift */; };
		E9210C002513CB34002532A7 /* DocumentsViewController.swift in Sources */ = {isa = PBXBuildFile; fileRef = E9210BFF2513CB34002532A7 /* DocumentsViewController.swift */; };
		E9210C252513E48E002532A7 /* DocumentsSafetyStore.swift in Sources */ = {isa = PBXBuildFile; fileRef = E9210C242513E48E002532A7 /* DocumentsSafetyStore.swift */; };
/* End PBXBuildFile section */

/* Begin PBXFileReference section */
		E9210BE12513C46B002532A7 /* Multithreading_2.app */ = {isa = PBXFileReference; explicitFileType = wrapper.application; includeInIndex = 0; path = Multithreading_2.app; sourceTree = BUILT_PRODUCTS_DIR; };
		E9210BE42513C46B002532A7 /* AppDelegate.swift */ = {isa = PBXFileReference; lastKnownFileType = sourcecode.swift; path = AppDelegate.swift; sourceTree = "<group>"; };
		E9210BE62513C46B002532A7 /* SceneDelegate.swift */ = {isa = PBXFileReference; lastKnownFileType = sourcecode.swift; path = SceneDelegate.swift; sourceTree = "<group>"; };
		E9210BE82513C46B002532A7 /* ViewController.swift */ = {isa = PBXFileReference; lastKnownFileType = sourcecode.swift; path = ViewController.swift; sourceTree = "<group>"; };
		E9210BEB2513C46B002532A7 /* Base */ = {isa = PBXFileReference; lastKnownFileType = file.storyboard; name = Base; path = Base.lproj/Main.storyboard; sourceTree = "<group>"; };
		E9210BEE2513C46B002532A7 /* Multithreading_2.xcdatamodel */ = {isa = PBXFileReference; lastKnownFileType = wrapper.xcdatamodel; path = Multithreading_2.xcdatamodel; sourceTree = "<group>"; };
		E9210BF02513C46F002532A7 /* Assets.xcassets */ = {isa = PBXFileReference; lastKnownFileType = folder.assetcatalog; path = Assets.xcassets; sourceTree = "<group>"; };
		E9210BF32513C46F002532A7 /* Base */ = {isa = PBXFileReference; lastKnownFileType = file.storyboard; name = Base; path = Base.lproj/LaunchScreen.storyboard; sourceTree = "<group>"; };
		E9210BF52513C46F002532A7 /* Info.plist */ = {isa = PBXFileReference; lastKnownFileType = text.plist.xml; path = Info.plist; sourceTree = "<group>"; };
		E9210BFB2513CABA002532A7 /* Document.swift */ = {isa = PBXFileReference; lastKnownFileType = sourcecode.swift; path = Document.swift; sourceTree = "<group>"; };
		E9210BFD2513CAE5002532A7 /* DocumentStore.swift */ = {isa = PBXFileReference; lastKnownFileType = sourcecode.swift; path = DocumentStore.swift; sourceTree = "<group>"; };
		E9210BFF2513CB34002532A7 /* DocumentsViewController.swift */ = {isa = PBXFileReference; lastKnownFileType = sourcecode.swift; path = DocumentsViewController.swift; sourceTree = "<group>"; };
		E9210C242513E48E002532A7 /* DocumentsSafetyStore.swift */ = {isa = PBXFileReference; lastKnownFileType = sourcecode.swift; path = DocumentsSafetyStore.swift; sourceTree = "<group>"; };
/* End PBXFileReference section */

/* Begin PBXFrameworksBuildPhase section */
		E9210BDE2513C46B002532A7 /* Frameworks */ = {
			isa = PBXFrameworksBuildPhase;
			buildActionMask = 2147483647;
			files = (
			);
			runOnlyForDeploymentPostprocessing = 0;
		};
/* End PBXFrameworksBuildPhase section */

/* Begin PBXGroup section */
		E9210BD82513C46B002532A7 = {
			isa = PBXGroup;
			children = (
				E9210BE32513C46B002532A7 /* Multithreading_2 */,
				E9210BE22513C46B002532A7 /* Products */,
			);
			sourceTree = "<group>";
		};
		E9210BE22513C46B002532A7 /* Products */ = {
			isa = PBXGroup;
			children = (
				E9210BE12513C46B002532A7 /* Multithreading_2.app */,
			);
			name = Products;
			sourceTree = "<group>";
		};
		E9210BE32513C46B002532A7 /* Multithreading_2 */ = {
			isa = PBXGroup;
			children = (
				E9210BE42513C46B002532A7 /* AppDelegate.swift */,
				E9210BE62513C46B002532A7 /* SceneDelegate.swift */,
				E9210BE82513C46B002532A7 /* ViewController.swift */,
				E9210BEA2513C46B002532A7 /* Main.storyboard */,
				E9210BF02513C46F002532A7 /* Assets.xcassets */,
				E9210BF22513C46F002532A7 /* LaunchScreen.storyboard */,
				E9210BF52513C46F002532A7 /* Info.plist */,
				E9210BED2513C46B002532A7 /* Multithreading_2.xcdatamodeld */,
				E9210BFB2513CABA002532A7 /* Document.swift */,
				E9210BFD2513CAE5002532A7 /* DocumentStore.swift */,
				E9210BFF2513CB34002532A7 /* DocumentsViewController.swift */,
				E9210C242513E48E002532A7 /* DocumentsSafetyStore.swift */,
			);
			path = Multithreading_2;
			sourceTree = "<group>";
		};
/* End PBXGroup section */

/* Begin PBXNativeTarget section */
		E9210BE02513C46B002532A7 /* Multithreading_2 */ = {
			isa = PBXNativeTarget;
			buildConfigurationList = E9210BF82513C46F002532A7 /* Build configuration list for PBXNativeTarget "Multithreading_2" */;
			buildPhases = (
				E9210BDD2513C46B002532A7 /* Sources */,
				E9210BDE2513C46B002532A7 /* Frameworks */,
				E9210BDF2513C46B002532A7 /* Resources */,
			);
			buildRules = (
			);
			dependencies = (
			);
			name = Multithreading_2;
			productName = Multithreading_2;
			productReference = E9210BE12513C46B002532A7 /* Multithreading_2.app */;
			productType = "com.apple.product-type.application";
		};
/* End PBXNativeTarget section */

/* Begin PBXProject section */
		E9210BD92513C46B002532A7 /* Project object */ = {
			isa = PBXProject;
			attributes = {
				LastSwiftUpdateCheck = 1130;
				LastUpgradeCheck = 1130;
				ORGANIZATIONNAME = GeekTest;
				TargetAttributes = {
					E9210BE02513C46B002532A7 = {
						CreatedOnToolsVersion = 11.3;
					};
				};
			};
			buildConfigurationList = E9210BDC2513C46B002532A7 /* Build configuration list for PBXProject "Multithreading_2" */;
			compatibilityVersion = "Xcode 9.3";
			developmentRegion = en;
			hasScannedForEncodings = 0;
			knownRegions = (
				en,
				Base,
			);
			mainGroup = E9210BD82513C46B002532A7;
			productRefGroup = E9210BE22513C46B002532A7 /* Products */;
			projectDirPath = "";
			projectRoot = "";
			targets = (
				E9210BE02513C46B002532A7 /* Multithreading_2 */,
			);
		};
/* End PBXProject section */

/* Begin PBXResourcesBuildPhase section */
		E9210BDF2513C46B002532A7 /* Resources */ = {
			isa = PBXResourcesBuildPhase;
			buildActionMask = 2147483647;
			files = (
				E9210BF42513C46F002532A7 /* LaunchScreen.storyboard in Resources */,
				E9210BF12513C46F002532A7 /* Assets.xcassets in Resources */,
				E9210BEC2513C46B002532A7 /* Main.storyboard in Resources */,
			);
			runOnlyForDeploymentPostprocessing = 0;
		};
/* End PBXResourcesBuildPhase section */

/* Begin PBXSourcesBuildPhase section */
		E9210BDD2513C46B002532A7 /* Sources */ = {
			isa = PBXSourcesBuildPhase;
			buildActionMask = 2147483647;
			files = (
				E9210C252513E48E002532A7 /* DocumentsSafetyStore.swift in Sources */,
				E9210BE92513C46B002532A7 /* ViewController.swift in Sources */,
				E9210BE52513C46B002532A7 /* AppDelegate.swift in Sources */,
				E9210BFE2513CAE5002532A7 /* DocumentStore.swift in Sources */,
				E9210BE72513C46B002532A7 /* SceneDelegate.swift in Sources */,
				E9210BEF2513C46B002532A7 /* Multithreading_2.xcdatamodeld in Sources */,
				E9210BFC2513CABA002532A7 /* Document.swift in Sources */,
				E9210C002513CB34002532A7 /* DocumentsViewController.swift in Sources */,
			);
			runOnlyForDeploymentPostprocessing = 0;
		};
/* End PBXSourcesBuildPhase section */

/* Begin PBXVariantGroup section */
		E9210BEA2513C46B002532A7 /* Main.storyboard */ = {
			isa = PBXVariantGroup;
			children = (
				E9210BEB2513C46B002532A7 /* Base */,
			);
			name = Main.storyboard;
			sourceTree = "<group>";
		};
		E9210BF22513C46F002532A7 /* LaunchScreen.storyboard */ = {
			isa = PBXVariantGroup;
			children = (
				E9210BF32513C46F002532A7 /* Base */,
			);
			name = LaunchScreen.storyboard;
			sourceTree = "<group>";
		};
/* End PBXVariantGroup section */

/* Begin XCBuildConfiguration section */
		E9210BF62513C46F002532A7 /* Debug */ = {
			isa = XCBuildConfiguration;
			buildSettings = {
				ALWAYS_SEARCH_USER_PATHS = NO;
				CLANG_ANALYZER_NONNULL = YES;
				CLANG_ANALYZER_NUMBER_OBJECT_CONVERSION = YES_AGGRESSIVE;
				CLANG_CXX_LANGUAGE_STANDARD = "gnu++14";
				CLANG_CXX_LIBRARY = "libc++";
				CLANG_ENABLE_MODULES = YES;
				CLANG_ENABLE_OBJC_ARC = YES;
				CLANG_ENABLE_OBJC_WEAK = YES;
				CLANG_WARN_BLOCK_CAPTURE_AUTORELEASING = YES;
				CLANG_WARN_BOOL_CONVERSION = YES;
				CLANG_WARN_COMMA = YES;
				CLANG_WARN_CONSTANT_CONVERSION = YES;
				CLANG_WARN_DEPRECATED_OBJC_IMPLEMENTATIONS = YES;
				CLANG_WARN_DIRECT_OBJC_ISA_USAGE = YES_ERROR;
				CLANG_WARN_DOCUMENTATION_COMMENTS = YES;
				CLANG_WARN_EMPTY_BODY = YES;
				CLANG_WARN_ENUM_CONVERSION = YES;
				CLANG_WARN_INFINITE_RECURSION = YES;
				CLANG_WARN_INT_CONVERSION = YES;
				CLANG_WARN_NON_LITERAL_NULL_CONVERSION = YES;
				CLANG_WARN_OBJC_IMPLICIT_RETAIN_SELF = YES;
				CLANG_WARN_OBJC_LITERAL_CONVERSION = YES;
				CLANG_WARN_OBJC_ROOT_CLASS = YES_ERROR;
				CLANG_WARN_RANGE_LOOP_ANALYSIS = YES;
				CLANG_WARN_STRICT_PROTOTYPES = YES;
				CLANG_WARN_SUSPICIOUS_MOVE = YES;
				CLANG_WARN_UNGUARDED_AVAILABILITY = YES_AGGRESSIVE;
				CLANG_WARN_UNREACHABLE_CODE = YES;
				CLANG_WARN__DUPLICATE_METHOD_MATCH = YES;
				COPY_PHASE_STRIP = NO;
				DEBUG_INFORMATION_FORMAT = dwarf;
				ENABLE_STRICT_OBJC_MSGSEND = YES;
				ENABLE_TESTABILITY = YES;
				GCC_C_LANGUAGE_STANDARD = gnu11;
				GCC_DYNAMIC_NO_PIC = NO;
				GCC_NO_COMMON_BLOCKS = YES;
				GCC_OPTIMIZATION_LEVEL = 0;
				GCC_PREPROCESSOR_DEFINITIONS = (
					"DEBUG=1",
					"$(inherited)",
				);
				GCC_WARN_64_TO_32_BIT_CONVERSION = YES;
				GCC_WARN_ABOUT_RETURN_TYPE = YES_ERROR;
				GCC_WARN_UNDECLARED_SELECTOR = YES;
				GCC_WARN_UNINITIALIZED_AUTOS = YES_AGGRESSIVE;
				GCC_WARN_UNUSED_FUNCTION = YES;
				GCC_WARN_UNUSED_VARIABLE = YES;
				IPHONEOS_DEPLOYMENT_TARGET = 13.2;
				MTL_ENABLE_DEBUG_INFO = INCLUDE_SOURCE;
				MTL_FAST_MATH = YES;
				ONLY_ACTIVE_ARCH = YES;
				SDKROOT = iphoneos;
				SWIFT_ACTIVE_COMPILATION_CONDITIONS = DEBUG;
				SWIFT_OPTIMIZATION_LEVEL = "-Onone";
			};
			name = Debug;
		};
		E9210BF72513C46F002532A7 /* Release */ = {
			isa = XCBuildConfiguration;
			buildSettings = {
				ALWAYS_SEARCH_USER_PATHS = NO;
				CLANG_ANALYZER_NONNULL = YES;
				CLANG_ANALYZER_NUMBER_OBJECT_CONVERSION = YES_AGGRESSIVE;
				CLANG_CXX_LANGUAGE_STANDARD = "gnu++14";
				CLANG_CXX_LIBRARY = "libc++";
				CLANG_ENABLE_MODULES = YES;
				CLANG_ENABLE_OBJC_ARC = YES;
				CLANG_ENABLE_OBJC_WEAK = YES;
				CLANG_WARN_BLOCK_CAPTURE_AUTORELEASING = YES;
				CLANG_WARN_BOOL_CONVERSION = YES;
				CLANG_WARN_COMMA = YES;
				CLANG_WARN_CONSTANT_CONVERSION = YES;
				CLANG_WARN_DEPRECATED_OBJC_IMPLEMENTATIONS = YES;
				CLANG_WARN_DIRECT_OBJC_ISA_USAGE = YES_ERROR;
				CLANG_WARN_DOCUMENTATION_COMMENTS = YES;
				CLANG_WARN_EMPTY_BODY = YES;
				CLANG_WARN_ENUM_CONVERSION = YES;
				CLANG_WARN_INFINITE_RECURSION = YES;
				CLANG_WARN_INT_CONVERSION = YES;
				CLANG_WARN_NON_LITERAL_NULL_CONVERSION = YES;
				CLANG_WARN_OBJC_IMPLICIT_RETAIN_SELF = YES;
				CLANG_WARN_OBJC_LITERAL_CONVERSION = YES;
				CLANG_WARN_OBJC_ROOT_CLASS = YES_ERROR;
				CLANG_WARN_RANGE_LOOP_ANALYSIS = YES;
				CLANG_WARN_STRICT_PROTOTYPES = YES;
				CLANG_WARN_SUSPICIOUS_MOVE = YES;
				CLANG_WARN_UNGUARDED_AVAILABILITY = YES_AGGRESSIVE;
				CLANG_WARN_UNREACHABLE_CODE = YES;
				CLANG_WARN__DUPLICATE_METHOD_MATCH = YES;
				COPY_PHASE_STRIP = NO;
				DEBUG_INFORMATION_FORMAT = "dwarf-with-dsym";
				ENABLE_NS_ASSERTIONS = NO;
				ENABLE_STRICT_OBJC_MSGSEND = YES;
				GCC_C_LANGUAGE_STANDARD = gnu11;
				GCC_NO_COMMON_BLOCKS = YES;
				GCC_WARN_64_TO_32_BIT_CONVERSION = YES;
				GCC_WARN_ABOUT_RETURN_TYPE = YES_ERROR;
				GCC_WARN_UNDECLARED_SELECTOR = YES;
				GCC_WARN_UNINITIALIZED_AUTOS = YES_AGGRESSIVE;
				GCC_WARN_UNUSED_FUNCTION = YES;
				GCC_WARN_UNUSED_VARIABLE = YES;
				IPHONEOS_DEPLOYMENT_TARGET = 13.2;
				MTL_ENABLE_DEBUG_INFO = NO;
				MTL_FAST_MATH = YES;
				SDKROOT = iphoneos;
				SWIFT_COMPILATION_MODE = wholemodule;
				SWIFT_OPTIMIZATION_LEVEL = "-O";
				VALIDATE_PRODUCT = YES;
			};
			name = Release;
		};
		E9210BF92513C46F002532A7 /* Debug */ = {
			isa = XCBuildConfiguration;
			buildSettings = {
				ASSETCATALOG_COMPILER_APPICON_NAME = AppIcon;
				CODE_SIGN_STYLE = Automatic;
				DEVELOPMENT_TEAM = 4Q5RUJY8ZH;
				INFOPLIST_FILE = Multithreading_2/Info.plist;
				LD_RUNPATH_SEARCH_PATHS = (
					"$(inherited)",
					"@executable_path/Frameworks",
				);
				PRODUCT_BUNDLE_IDENTIFIER = "ru.vorobyov.dev.Multithreading-2";
				PRODUCT_NAME = "$(TARGET_NAME)";
				SWIFT_VERSION = 5.0;
				TARGETED_DEVICE_FAMILY = "1,2";
			};
			name = Debug;
		};
		E9210BFA2513C46F002532A7 /* Release */ = {
			isa = XCBuildConfiguration;
			buildSettings = {
				ASSETCATALOG_COMPILER_APPICON_NAME = AppIcon;
				CODE_SIGN_STYLE = Automatic;
				DEVELOPMENT_TEAM = 4Q5RUJY8ZH;
				INFOPLIST_FILE = Multithreading_2/Info.plist;
				LD_RUNPATH_SEARCH_PATHS = (
					"$(inherited)",
					"@executable_path/Frameworks",
				);
				PRODUCT_BUNDLE_IDENTIFIER = "ru.vorobyov.dev.Multithreading-2";
				PRODUCT_NAME = "$(TARGET_NAME)";
				SWIFT_VERSION = 5.0;
				TARGETED_DEVICE_FAMILY = "1,2";
			};
			name = Release;
		};
/* End XCBuildConfiguration section */

/* Begin XCConfigurationList section */
		E9210BDC2513C46B002532A7 /* Build configuration list for PBXProject "Multithreading_2" */ = {
			isa = XCConfigurationList;
			buildConfigurations = (
				E9210BF62513C46F002532A7 /* Debug */,
				E9210BF72513C46F002532A7 /* Release */,
			);
			defaultConfigurationIsVisible = 0;
			defaultConfigurationName = Release;
		};
		E9210BF82513C46F002532A7 /* Build configuration list for PBXNativeTarget "Multithreading_2" */ = {
			isa = XCConfigurationList;
			buildConfigurations = (
				E9210BF92513C46F002532A7 /* Debug */,
				E9210BFA2513C46F002532A7 /* Release */,
			);
			defaultConfigurationIsVisible = 0;
			defaultConfigurationName = Release;
		};
/* End XCConfigurationList section */

/* Begin XCVersionGroup section */
		E9210BED2513C46B002532A7 /* Multithreading_2.xcdatamodeld */ = {
			isa = XCVersionGroup;
			children = (
				E9210BEE2513C46B002532A7 /* Multithreading_2.xcdatamodel */,
			);
			currentVersion = E9210BEE2513C46B002532A7 /* Multithreading_2.xcdatamodel */;
			path = Multithreading_2.xcdatamodeld;
			sourceTree = "<group>";
			versionGroupType = wrapper.xcdatamodel;
		};
/* End XCVersionGroup section */
	};
	rootObject = E9210BD92513C46B002532A7 /* Project object */;
}
